
Microsoft Visual Studio Solution File, Format Version 12.00
# Visual Studio 15
VisualStudioVersion = 15.0.28307.106
MinimumVisualStudioVersion = 10.0.40219.1
Project("{8BC9CEB8-8B4A-11D0-8D11-00A0C91BC942}") = "MES_", "MES_\MES_.vcxproj", "{2FF09765-429C-40F4-8202-D22A41BACA35}"
EndProject
Global
	GlobalSection(SolutionConfigurationPlatforms) = preSolution
		Debug|x64 = Debug|x64
		Debug|x86 = Debug|x86
		Release|x64 = Release|x64
		Release|x86 = Release|x86
	EndGlobalSection
	GlobalSection(ProjectConfigurationPlatforms) = postSolution
		{2FF09765-429C-40F4-8202-D22A41BACA35}.Debug|x64.ActiveCfg = Debug|x64
		{2FF09765-429C-40F4-8202-D22A41BACA35}.Debug|x64.Build.0 = Debug|x64
		{2FF09765-429C-40F4-8202-D22A41BACA35}.Debug|x86.ActiveCfg = Debug|Win32
		{2FF09765-429C-40F4-8202-D22A41BACA35}.Debug|x86.Build.0 = Debug|Win32
		{2FF09765-429C-40F4-8202-D22A41BACA35}.Release|x64.ActiveCfg = Release|x64
		{2FF09765-429C-40F4-8202-D22A41BACA35}.Release|x64.Build.0 = Release|x64
		{2FF09765-429C-40F4-8202-D22A41BACA35}.Release|x86.ActiveCfg = Release|Win32
		{2FF09765-429C-40F4-8202-D22A41BACA35}.Release|x86.Build.0 = Release|Win32
	EndGlobalSection
	GlobalSection(SolutionProperties) = preSolution
		HideSolutionNode = FALSE
	EndGlobalSection
	GlobalSection(ExtensibilityGlobals) = postSolution
		SolutionGuid = {8A752F0D-38B1-4DA0-80E4-57B22A0CCD8A}
	EndGlobalSection
EndGlobal
